
Microsoft Visual Studio Solution File, Format Version 12.00
# Visual Studio Version 16
VisualStudioVersion = 16.0.31410.357
MinimumVisualStudioVersion = 10.0.40219.1
Project("{FAE04EC0-301F-11D3-BF4B-00C04F79EFBC}") = "SimpleDotNetCoreWebAPI", "SimpleDotNetCoreWebAPI\SimpleDotNetCoreWebAPI.csproj", "{9EBD82CD-CA35-4B01-A16B-DFE129B71044}"
EndProject
Global
	GlobalSection(SolutionConfigurationPlatforms) = preSolution
		Debug|Any CPU = Debug|Any CPU
		Release|Any CPU = Release|Any CPU
	EndGlobalSection
	GlobalSection(ProjectConfigurationPlatforms) = postSolution
		{9EBD82CD-CA35-4B01-A16B-DFE129B71044}.Debug|Any CPU.ActiveCfg = Debug|Any CPU
		{9EBD82CD-CA35-4B01-A16B-DFE129B71044}.Debug|Any CPU.Build.0 = Debug|Any CPU
		{9EBD82CD-CA35-4B01-A16B-DFE129B71044}.Release|Any CPU.ActiveCfg = Release|Any CPU
		{9EBD82CD-CA35-4B01-A16B-DFE129B71044}.Release|Any CPU.Build.0 = Release|Any CPU
	EndGlobalSection
	GlobalSection(SolutionProperties) = preSolution
		HideSolutionNode = FALSE
	EndGlobalSection
	GlobalSection(ExtensibilityGlobals) = postSolution
		SolutionGuid = {A97A1774-CB05-4F00-89A0-A15C95205800}
	EndGlobalSection
EndGlobal
